
Microsoft Visual Studio Solution File, Format Version 12.00
# Visual Studio Version 16
VisualStudioVersion = 16.0.30011.22
MinimumVisualStudioVersion = 10.0.40219.1
Project("{FAE04EC0-301F-11D3-BF4B-00C04F79EFBC}") = "Myrandomrealnumber", "Myrandomrealnumber\Myrandomrealnumber.csproj", "{865CF3A2-426F-441A-8292-6300205F0470}"
EndProject
Global
	GlobalSection(SolutionConfigurationPlatforms) = preSolution
		Debug|Any CPU = Debug|Any CPU
		Release|Any CPU = Release|Any CPU
	EndGlobalSection
	GlobalSection(ProjectConfigurationPlatforms) = postSolution
		{865CF3A2-426F-441A-8292-6300205F0470}.Debug|Any CPU.ActiveCfg = Debug|Any CPU
		{865CF3A2-426F-441A-8292-6300205F0470}.Debug|Any CPU.Build.0 = Debug|Any CPU
		{865CF3A2-426F-441A-8292-6300205F0470}.Release|Any CPU.ActiveCfg = Release|Any CPU
		{865CF3A2-426F-441A-8292-6300205F0470}.Release|Any CPU.Build.0 = Release|Any CPU
	EndGlobalSection
	GlobalSection(SolutionProperties) = preSolution
		HideSolutionNode = FALSE
	EndGlobalSection
	GlobalSection(ExtensibilityGlobals) = postSolution
		SolutionGuid = {72388FFF-3188-4E4C-8251-759D9DB04F9F}
	EndGlobalSection
EndGlobal
